
Microsoft Visual Studio Solution File, Format Version 12.00
# Visual Studio Version 16
VisualStudioVersion = 16.0.31229.75
MinimumVisualStudioVersion = 10.0.40219.1
Project("{FAE04EC0-301F-11D3-BF4B-00C04F79EFBC}") = "LoggerWorkerService", "LoggerWorkerService\LoggerWorkerService.csproj", "{BC1E241C-889B-48FA-AE47-6D614490274A}"
EndProject
Global
	GlobalSection(SolutionConfigurationPlatforms) = preSolution
		Debug|Any CPU = Debug|Any CPU
		Release|Any CPU = Release|Any CPU
	EndGlobalSection
	GlobalSection(ProjectConfigurationPlatforms) = postSolution
		{BC1E241C-889B-48FA-AE47-6D614490274A}.Debug|Any CPU.ActiveCfg = Debug|Any CPU
		{BC1E241C-889B-48FA-AE47-6D614490274A}.Debug|Any CPU.Build.0 = Debug|Any CPU
		{BC1E241C-889B-48FA-AE47-6D614490274A}.Release|Any CPU.ActiveCfg = Release|Any CPU
		{BC1E241C-889B-48FA-AE47-6D614490274A}.Release|Any CPU.Build.0 = Release|Any CPU
	EndGlobalSection
	GlobalSection(SolutionProperties) = preSolution
		HideSolutionNode = FALSE
	EndGlobalSection
	GlobalSection(ExtensibilityGlobals) = postSolution
		SolutionGuid = {99B00C1F-6D39-4066-8CFE-8D0B6B70EC8A}
	EndGlobalSection
EndGlobal
